
Microsoft Visual Studio Solution File, Format Version 12.00
# Visual Studio 15
VisualStudioVersion = 15.0.26228.9
MinimumVisualStudioVersion = 10.0.40219.1
Project("{F184B08F-C81C-45F6-A57F-5ABD9991F28F}") = "IRC2_ChatRoom_Server", "IRC2_ChatRoom_Server\IRC2_ChatRoom_Server.vbproj", "{5765A8C9-9D49-4146-B96C-8B0B6572560E}"
EndProject
Global
	GlobalSection(SolutionConfigurationPlatforms) = preSolution
		Debug|Any CPU = Debug|Any CPU
		Release|Any CPU = Release|Any CPU
	EndGlobalSection
	GlobalSection(ProjectConfigurationPlatforms) = postSolution
		{5765A8C9-9D49-4146-B96C-8B0B6572560E}.Debug|Any CPU.ActiveCfg = Debug|Any CPU
		{5765A8C9-9D49-4146-B96C-8B0B6572560E}.Debug|Any CPU.Build.0 = Debug|Any CPU
		{5765A8C9-9D49-4146-B96C-8B0B6572560E}.Release|Any CPU.ActiveCfg = Release|Any CPU
		{5765A8C9-9D49-4146-B96C-8B0B6572560E}.Release|Any CPU.Build.0 = Release|Any CPU
	EndGlobalSection
	GlobalSection(SolutionProperties) = preSolution
		HideSolutionNode = FALSE
	EndGlobalSection
EndGlobal
